{
  "name": "mentoring-tada-nsq",
  "version": "1.0.0",
  "lockfileVersion": 1,
  "requires": true,
  "dependencies": {
    "@napi-rs/snappy": {
      "version": "1.0.2",
      "resolved": "https://registry.npmjs.org/@napi-rs/snappy/-/snappy-1.0.2.tgz",
      "integrity": "sha512-QHuTPh/HCmDfXSnswisrfpq20rwRh5Xl5pR0BEfR/31cTN3IesH6RD0tcs7/ZuGld+EsT/O9ksDyTEKYOque6g==",
      "optional": true,
      "requires": {
        "@napi-rs/snappy-android-arm64": "^1.0.2",
        "@napi-rs/snappy-darwin-arm64": "^1.0.2",
        "@napi-rs/snappy-darwin-x64": "^1.0.2",
        "@napi-rs/snappy-freebsd-x64": "^1.0.2",
        "@napi-rs/snappy-linux-arm-gnueabihf": "^1.0.2",
        "@napi-rs/snappy-linux-arm64-gnu": "^1.0.2",
        "@napi-rs/snappy-linux-arm64-musl": "^1.0.2",
        "@napi-rs/snappy-linux-x64-gnu": "^1.0.2",
        "@napi-rs/snappy-linux-x64-musl": "^1.0.2",
        "@napi-rs/snappy-win32-arm64-msvc": "^1.0.2",
        "@napi-rs/snappy-win32-ia32-msvc": "^1.0.2",
        "@napi-rs/snappy-win32-x64-msvc": "^1.0.2",
        "@node-rs/helper": "^1.2.0"
      }
    },
    "@napi-rs/snappy-android-arm64": {
      "version": "1.0.2",
      "resolved": "https://registry.npmjs.org/@napi-rs/snappy-android-arm64/-/snappy-android-arm64-1.0.2.tgz",
      "integrity": "sha512-I7VLnv6lJDquMX3AlC8JZREUplxOyPrqCeTLOg8eojISByyjCdEbn8xPzr8sdz2AF9fqzhqC3Hs9SOw3CtP/xg==",
      "optional": true
    },
    "@napi-rs/snappy-darwin-arm64": {
      "version": "1.0.2",
      "resolved": "https://registry.npmjs.org/@napi-rs/snappy-darwin-arm64/-/snappy-darwin-arm64-1.0.2.tgz",
      "integrity": "sha512-bORHtrSu8zYklG5JyxOU2wseRo3tj8+WioP28M8TBseYVLrd+zckLVAia5J89NJD08LwJUdH/yW8VV3s+u8aLA==",
      "optional": true
    },
    "@napi-rs/snappy-darwin-x64": {
      "version": "1.0.2",
      "resolved": "https://registry.npmjs.org/@napi-rs/snappy-darwin-x64/-/snappy-darwin-x64-1.0.2.tgz",
      "integrity": "sha512-FaJ2O23ALj7PLlDCOr5Jlzb4F+cGO4dfc+8xFbYC1XdAqvItZD7toRGs8g5sisdWJDRDpcP8jByF7XK2RIOLqQ==",
      "optional": true
    },
    "@napi-rs/snappy-freebsd-x64": {
      "version": "1.0.2",
      "resolved": "https://registry.npmjs.org/@napi-rs/snappy-freebsd-x64/-/snappy-freebsd-x64-1.0.2.tgz",
      "integrity": "sha512-oc4ahBFXL0zsSmO0bwtrTB8I1RBMNo2YPYlHdAf4SIFaqXkY3DHIDOSsLFSEvgQ0MKkBLZ8gtADheUz1Jr8HDQ==",
      "optional": true
    },
    "@napi-rs/snappy-linux-arm-gnueabihf": {
      "version": "1.0.2",
      "resolved": "https://registry.npmjs.org/@napi-rs/snappy-linux-arm-gnueabihf/-/snappy-linux-arm-gnueabihf-1.0.2.tgz",
      "integrity": "sha512-9v4aKeYbdmgsLZBNaCr9Ws7mmtLrMjIeDMc0fytkCil4bmRJG86/nqMgq5jx1zC8waHYRp9GT2Vf53eVW/JXFA==",
      "optional": true
    },
    "@napi-rs/snappy-linux-arm64-gnu": {
      "version": "1.0.2",
      "resolved": "https://registry.npmjs.org/@napi-rs/snappy-linux-arm64-gnu/-/snappy-linux-arm64-gnu-1.0.2.tgz",
      "integrity": "sha512-TljVpKLrlMzLMP0zW6Teqf2T0BWNvPMlzl/956XIxlEyH2lwNJKTOti/KdOsodamZK2M6zl9hMniao0QVcMHNQ==",
      "optional": true
    },
    "@napi-rs/snappy-linux-arm64-musl": {
      "version": "1.0.2",
      "resolved": "https://registry.npmjs.org/@napi-rs/snappy-linux-arm64-musl/-/snappy-linux-arm64-musl-1.0.2.tgz",
      "integrity": "sha512-XbIGdGb8r8j2CDCKDqs0FLr8VgQbdIUM5x6OEDjp5Mw3HeSDsDCGmNioJvzQl0t28ftDitE4BUeaMJM6OHYcAw==",
      "optional": true
    },
    "@napi-rs/snappy-linux-x64-gnu": {
      "version": "1.0.2",
      "resolved": "https://registry.npmjs.org/@napi-rs/snappy-linux-x64-gnu/-/snappy-linux-x64-gnu-1.0.2.tgz",
      "integrity": "sha512-XUJuwM7X7WaQ7TN3orog9/P1B7agDjW84eWbx45MHMalCkf/O14pWeehCBr7PKzQb7DVFNCPG9Z16VNNr2kxMg==",
      "optional": true
    },
    "@napi-rs/snappy-linux-x64-musl": {
      "version": "1.0.2",
      "resolved": "https://registry.npmjs.org/@napi-rs/snappy-linux-x64-musl/-/snappy-linux-x64-musl-1.0.2.tgz",
      "integrity": "sha512-pAPPy+fFCP1gXr7Bbn1Nfsq3875WJdf54ti2oKKf3lgL22+afz9m2dMn1/GuWET1vzCaoGaEjb59J9J11cN8lg==",
      "optional": true
    },
    "@napi-rs/snappy-win32-arm64-msvc": {
      "version": "1.0.2",
      "resolved": "https://registry.npmjs.org/@napi-rs/snappy-win32-arm64-msvc/-/snappy-win32-arm64-msvc-1.0.2.tgz",
      "integrity": "sha512-2amNgMm8LFhI8KzWlCuHByBKsCiB4c9ur5EY0PZCfbbUL+d8TRcVeHLndgUtgCqT+m+T35LXV6jpL3jF6vS3PQ==",
      "optional": true
    },
    "@napi-rs/snappy-win32-ia32-msvc": {
      "version": "1.0.2",
      "resolved": "https://registry.npmjs.org/@napi-rs/snappy-win32-ia32-msvc/-/snappy-win32-ia32-msvc-1.0.2.tgz",
      "integrity": "sha512-Z0ujqNb6ybi3CBZYV/dKZRQ3V0YqX74xwO0n/vV4FG+kjMbmz1x2O5B+cbpBdYciPLf/oN1EJMEbf/e+csHXig==",
      "optional": true
    },
    "@napi-rs/snappy-win32-x64-msvc": {
      "version": "1.0.2",
      "resolved": "https://registry.npmjs.org/@napi-rs/snappy-win32-x64-msvc/-/snappy-win32-x64-msvc-1.0.2.tgz",
      "integrity": "sha512-mpGGtdJp0+myWzVqtfkKcjdN8rXgN2b8ox6WxEe5CNga/vV8LdIpBl4HgQ4/GTd1PolG9v7eXqnl5Rli+yb8Nw==",
      "optional": true
    },
    "@napi-rs/triples": {
      "version": "1.1.0",
      "resolved": "https://registry.npmjs.org/@napi-rs/triples/-/triples-1.1.0.tgz",
      "integrity": "sha512-XQr74QaLeMiqhStEhLn1im9EOMnkypp7MZOwQhGzqp2Weu5eQJbpPxWxixxlYRKWPOmJjsk6qYfYH9kq43yc2w==",
      "optional": true
    },
    "@node-rs/crc32": {
      "version": "1.2.2",
      "resolved": "https://registry.npmjs.org/@node-rs/crc32/-/crc32-1.2.2.tgz",
      "integrity": "sha512-vKBMvl6boFWEhTqZcKEHm+pSTtRi+IBDUQG8rZ1studlulnX6gZbjAEb9pUG52+EIOwMXkjpUAmB5k2iijA3YQ==",
      "optional": true,
      "requires": {
        "@node-rs/crc32-android-arm64": "1.2.2",
        "@node-rs/crc32-darwin-arm64": "1.2.2",
        "@node-rs/crc32-darwin-x64": "1.2.2",
        "@node-rs/crc32-freebsd-x64": "1.2.2",
        "@node-rs/crc32-linux-arm-gnueabihf": "1.2.2",
        "@node-rs/crc32-linux-arm64-gnu": "1.2.2",
        "@node-rs/crc32-linux-arm64-musl": "1.2.2",
        "@node-rs/crc32-linux-x64-gnu": "1.2.2",
        "@node-rs/crc32-linux-x64-musl": "1.2.2",
        "@node-rs/crc32-win32-arm64-msvc": "1.2.2",
        "@node-rs/crc32-win32-ia32-msvc": "1.2.2",
        "@node-rs/crc32-win32-x64-msvc": "1.2.2",
        "@node-rs/helper": "^1.2.1"
      }
    },
    "@node-rs/crc32-android-arm64": {
      "version": "1.2.2",
      "resolved": "https://registry.npmjs.org/@node-rs/crc32-android-arm64/-/crc32-android-arm64-1.2.2.tgz",
      "integrity": "sha512-4+iaLkuS883LfiW9CjQjQp9s3PcRP6mlAp/wj2Vs2p69/SkGjT4fBneSpnSCDIykVxEV74lejqDeQKYV9IY5Og==",
      "optional": true
    },
    "@node-rs/crc32-darwin-arm64": {
      "version": "1.2.2",
      "resolved": "https://registry.npmjs.org/@node-rs/crc32-darwin-arm64/-/crc32-darwin-arm64-1.2.2.tgz",
      "integrity": "sha512-Wu+C0AJkdG5sJSPtRhp0T+HDaFMkV5U1aNlOGeFUy2qRRJNr8nS+lwaaJ+3liDjVI0oq3FxT148XIDnQI4JyAQ==",
      "optional": true
    },
    "@node-rs/crc32-darwin-x64": {
      "version": "1.2.2",
      "resolved": "https://registry.npmjs.org/@node-rs/crc32-darwin-x64/-/crc32-darwin-x64-1.2.2.tgz",
      "integrity": "sha512-9wdT2s0cfyCDGVH/wVdigPQoqJhASqSk+H5gZVlvdvXW95iLb2QxpKyNS03nwSHKC62Nnifr0hJufjSTjzlqkw==",
      "optional": true
    },
    "@node-rs/crc32-freebsd-x64": {
      "version": "1.2.2",
      "resolved": "https://registry.npmjs.org/@node-rs/crc32-freebsd-x64/-/crc32-freebsd-x64-1.2.2.tgz",
      "integrity": "sha512-67TCtk5TGoTO0PzCjrdT6ynOlAM/igW8c1A7ammzJTC5jH8AsnJOK45kgHIxjrkpUpJBZKybP6Ctc/nsPlpgkQ==",
      "optional": true
    },
    "@node-rs/crc32-linux-arm-gnueabihf": {
      "version": "1.2.2",
      "resolved": "https://registry.npmjs.org/@node-rs/crc32-linux-arm-gnueabihf/-/crc32-linux-arm-gnueabihf-1.2.2.tgz",
      "integrity": "sha512-vITxM8/Km+adWPV1LelryQBIb1qu6w9IkceqeGxAiDSF3P6LVELjO332HUxz6j8ymKR44ecoWHjC/RW1sFAvWw==",
      "optional": true
    },
    "@node-rs/crc32-linux-arm64-gnu": {
      "version": "1.2.2",
      "resolved": "https://registry.npmjs.org/@node-rs/crc32-linux-arm64-gnu/-/crc32-linux-arm64-gnu-1.2.2.tgz",
      "integrity": "sha512-SSeB2/z3faeNYQ6Mj28aLlSylCss4fq7LMRtzbVaxORjcfMnFo+RJa7DyTscoQBJnV5ybeRRlcvgwmDEZuXLeQ==",
      "optional": true
    },
    "@node-rs/crc32-linux-arm64-musl": {
      "version": "1.2.2",
      "resolved": "https://registry.npmjs.org/@node-rs/crc32-linux-arm64-musl/-/crc32-linux-arm64-musl-1.2.2.tgz",
      "integrity": "sha512-vHws4PqVcAMMOwDACPe/CdOLMiFl4YFuSnw/9KRknfwlC/1tFJBY180RBtMPGiNkzz1pRgjxIrhENscKbl2L/g==",
      "optional": true
    },
    "@node-rs/crc32-linux-x64-gnu": {
      "version": "1.2.2",
      "resolved": "https://registry.npmjs.org/@node-rs/crc32-linux-x64-gnu/-/crc32-linux-x64-gnu-1.2.2.tgz",
      "integrity": "sha512-PrXBbfkgC9oQcPrqiqbVup7fClwp5RPLz2zj89cfm0ZkgP61l4+7BlSn8mnH3KfMC9ks8v+biUj1mp09kvOQoQ==",
      "optional": true
    },
    "@node-rs/crc32-linux-x64-musl": {
      "version": "1.2.2",
      "resolved": "https://registry.npmjs.org/@node-rs/crc32-linux-x64-musl/-/crc32-linux-x64-musl-1.2.2.tgz",
      "integrity": "sha512-33OIKocA3yKw1RYs30QJVXCuttjdqLW5Vew11/fGRn2LMdhvb/s6JSpAG9g2nRdRVToTiwzjhMBXtCW06OMCsw==",
      "optional": true
    },
    "@node-rs/crc32-win32-arm64-msvc": {
      "version": "1.2.2",
      "resolved": "https://registry.npmjs.org/@node-rs/crc32-win32-arm64-msvc/-/crc32-win32-arm64-msvc-1.2.2.tgz",
      "integrity": "sha512-MRuzzuf/ZY+C2VMTbQLX3aZJmdhLwnRmCDC9RpGErGy+0VvVhVEdqQAdcmyubr/T7mYm16FwZl+BOsfUCu3MqQ==",
      "optional": true
    },
    "@node-rs/crc32-win32-ia32-msvc": {
      "version": "1.2.2",
      "resolved": "https://registry.npmjs.org/@node-rs/crc32-win32-ia32-msvc/-/crc32-win32-ia32-msvc-1.2.2.tgz",
      "integrity": "sha512-TGIVjr/WiAjg/RgIOrrq3+cZBwQLZ1mnYt0inPiz+M997ClFbi2AN4kJiSaDJKFRftSRj2lUj5LWVRmVeNfx4A==",
      "optional": true
    },
    "@node-rs/crc32-win32-x64-msvc": {
      "version": "1.2.2",
      "resolved": "https://registry.npmjs.org/@node-rs/crc32-win32-x64-msvc/-/crc32-win32-x64-msvc-1.2.2.tgz",
      "integrity": "sha512-AlpwYUxaZT7uj3wRyAcE7RDp52wbGRbaF190uTQH6bFJNHGRP5aj60X2y1L/c9lPbINKVjDtwQGPhlMUbsw+Rw==",
      "optional": true
    },
    "@node-rs/helper": {
      "version": "1.2.1",
      "resolved": "https://registry.npmjs.org/@node-rs/helper/-/helper-1.2.1.tgz",
      "integrity": "sha512-R5wEmm8nbuQU0YGGmYVjEc0OHtYsuXdpRG+Ut/3wZ9XAvQWyThN08bTh2cBJgoZxHQUPtvRfeQuxcAgLuiBISg==",
      "optional": true,
      "requires": {
        "@napi-rs/triples": "^1.0.3"
      }
    },
    "dotenv": {
      "version": "10.0.0",
      "resolved": "https://registry.npmjs.org/dotenv/-/dotenv-10.0.0.tgz",
      "integrity": "sha512-rlBi9d8jpv9Sf1klPjNfFAuWDjKLwTIJJ/VxtoTwIR6hnZxcEOQCZg2oIL3MWBYw5GpUDKOEnND7LXTbIpQ03Q=="
    },
    "int24": {
      "version": "0.0.1",
      "resolved": "https://registry.npmjs.org/int24/-/int24-0.0.1.tgz",
      "integrity": "sha1-ls/xQwpGVXNS7bQGzYezCCs2nYQ=",
      "optional": true
    },
    "lodash": {
      "version": "4.17.21",
      "resolved": "https://registry.npmjs.org/lodash/-/lodash-4.17.21.tgz",
      "integrity": "sha512-v2kDEe57lecTulaDIuNTPy3Ry4gLGJ6Z1O3vE1krgXZNrsQ+LFTGHVxVjcXPs17LhbZVGedAJv8XZ1tvj5FvSg=="
    },
    "node-fetch": {
      "version": "2.6.6",
      "resolved": "https://registry.npmjs.org/node-fetch/-/node-fetch-2.6.6.tgz",
      "integrity": "sha512-Z8/6vRlTUChSdIgMa51jxQ4lrw/Jy5SOW10ObaA47/RElsAN2c5Pn8bTgFGWn/ibwzXTE8qwr1Yzx28vsecXEA==",
      "requires": {
        "whatwg-url": "^5.0.0"
      }
    },
    "node-state": {
      "version": "1.4.4",
      "resolved": "https://registry.npmjs.org/node-state/-/node-state-1.4.4.tgz",
      "integrity": "sha1-5eYthhZ+LahyOKyG/PUy3+Nsrbk="
    },
    "nsqjs": {
      "version": "0.13.0",
      "resolved": "https://registry.npmjs.org/nsqjs/-/nsqjs-0.13.0.tgz",
      "integrity": "sha512-h4sZoJu8qumYYGLts9ObWl+eK3BzkbBuE7UhrQYkLMQvaeHXFlGfBXB5IcgNBRQVOuEVRfT/1V4bPpgiJyN/RQ==",
      "requires": {
        "lodash": "^4.17.15",
        "node-fetch": "^2.6.1",
        "node-state": "~1.4.4",
        "snappystream": "^2.0.0"
      }
    },
    "snappystream": {
      "version": "2.0.0",
      "resolved": "https://registry.npmjs.org/snappystream/-/snappystream-2.0.0.tgz",
      "integrity": "sha512-Uu8wVCmd4R7W46HfHd6+E0kIFZlZ80heUyUyaCePhvIPCJF+uzpeAry5/6WNmeqx8SJiSdr0N635qUtL3AqzWg==",
      "optional": true,
      "requires": {
        "@napi-rs/snappy": "^1.0.1",
        "@node-rs/crc32": "^1.1.2",
        "int24": "0.0.1"
      }
    },
    "tr46": {
      "version": "0.0.3",
      "resolved": "https://registry.npmjs.org/tr46/-/tr46-0.0.3.tgz",
      "integrity": "sha1-gYT9NH2snNwYWZLzpmIuFLnZq2o="
    },
    "webidl-conversions": {
      "version": "3.0.1",
      "resolved": "https://registry.npmjs.org/webidl-conversions/-/webidl-conversions-3.0.1.tgz",
      "integrity": "sha1-JFNCdeKnvGvnvIZhHMFq4KVlSHE="
    },
    "whatwg-url": {
      "version": "5.0.0",
      "resolved": "https://registry.npmjs.org/whatwg-url/-/whatwg-url-5.0.0.tgz",
      "integrity": "sha1-lmRU6HZUYuN2RNNib2dCzotwll0=",
      "requires": {
        "tr46": "~0.0.3",
        "webidl-conversions": "^3.0.0"
      }
    }
  }
}
